
Microsoft Visual Studio Solution File, Format Version 12.00
# Visual Studio Version 16
VisualStudioVersion = 16.0.34601.136
MinimumVisualStudioVersion = 10.0.40219.1
Project("{FAE04EC0-301F-11D3-BF4B-00C04F79EFBC}") = "Rock_Paper_Scissors", "Rock_Paper_Scissors\Rock_Paper_Scissors.csproj", "{9FCBD09C-BF0F-412C-9E44-F6D6FC74E48B}"
EndProject
Global
	GlobalSection(SolutionConfigurationPlatforms) = preSolution
		Debug|Any CPU = Debug|Any CPU
		Release|Any CPU = Release|Any CPU
	EndGlobalSection
	GlobalSection(ProjectConfigurationPlatforms) = postSolution
		{9FCBD09C-BF0F-412C-9E44-F6D6FC74E48B}.Debug|Any CPU.ActiveCfg = Debug|Any CPU
		{9FCBD09C-BF0F-412C-9E44-F6D6FC74E48B}.Debug|Any CPU.Build.0 = Debug|Any CPU
		{9FCBD09C-BF0F-412C-9E44-F6D6FC74E48B}.Release|Any CPU.ActiveCfg = Release|Any CPU
		{9FCBD09C-BF0F-412C-9E44-F6D6FC74E48B}.Release|Any CPU.Build.0 = Release|Any CPU
	EndGlobalSection
	GlobalSection(SolutionProperties) = preSolution
		HideSolutionNode = FALSE
	EndGlobalSection
	GlobalSection(ExtensibilityGlobals) = postSolution
		SolutionGuid = {09AC9A61-F0E2-441F-AAE3-16F9630C599D}
	EndGlobalSection
EndGlobal
